// !$*UTF8*$!
{
	archiveVersion = 1;
	classes = {
	};
	objectVersion = 46;
	objects = {

/* Begin PBXBuildFile section */
		2D447B151EFCAF16006BBCEC /* UIButton+extension.m in Sources */ = {isa = PBXBuildFile; fileRef = 2D447B141EFCAF16006BBCEC /* UIButton+extension.m */; };
		2D447B181EFCAF26006BBCEC /* NSString+extension.m in Sources */ = {isa = PBXBuildFile; fileRef = 2D447B171EFCAF26006BBCEC /* NSString+extension.m */; };
		2D447B1B1EFCAF33006BBCEC /* UILabel+extension.m in Sources */ = {isa = PBXBuildFile; fileRef = 2D447B1A1EFCAF33006BBCEC /* UILabel+extension.m */; };
		2D447B1E1EFCAF4B006BBCEC /* UIView+extension.m in Sources */ = {isa = PBXBuildFile; fileRef = 2D447B1D1EFCAF4B006BBCEC /* UIView+extension.m */; };
		2D447B271EFCAF92006BBCEC /* NSData+extension.m in Sources */ = {isa = PBXBuildFile; fileRef = 2D447B261EFCAF92006BBCEC /* NSData+extension.m */; };
		2D447B2A1EFCAFA1006BBCEC /* NSDate+extension.m in Sources */ = {isa = PBXBuildFile; fileRef = 2D447B291EFCAFA1006BBCEC /* NSDate+extension.m */; };
		2D447B2D1EFCC986006BBCEC /* UIImage+extension.m in Sources */ = {isa = PBXBuildFile; fileRef = 2D447B2C1EFCC986006BBCEC /* UIImage+extension.m */; };
		2D447B301EFCE67E006BBCEC /* NSArray+extension.m in Sources */ = {isa = PBXBuildFile; fileRef = 2D447B2F1EFCE67E006BBCEC /* NSArray+extension.m */; };
		2D447B331EFCE68F006BBCEC /* NSDictionary+extension.m in Sources */ = {isa = PBXBuildFile; fileRef = 2D447B321EFCE68F006BBCEC /* NSDictionary+extension.m */; };
		2D7238841F03588800D35657 /* pkcs8_private_key.pem in Resources */ = {isa = PBXBuildFile; fileRef = 2D7238821F03588800D35657 /* pkcs8_private_key.pem */; };
		2D7238851F03588800D35657 /* rsa_public_key.pem in Resources */ = {isa = PBXBuildFile; fileRef = 2D7238831F03588800D35657 /* rsa_public_key.pem */; };
		2D7545811F0F38E800D085A2 /* FMDatabase.m in Sources */ = {isa = PBXBuildFile; fileRef = 2D7545761F0F38E800D085A2 /* FMDatabase.m */; };
		2D7545821F0F38E800D085A2 /* FMDatabaseAdditions.m in Sources */ = {isa = PBXBuildFile; fileRef = 2D7545781F0F38E800D085A2 /* FMDatabaseAdditions.m */; };
		2D7545831F0F38E800D085A2 /* FMDatabasePool.m in Sources */ = {isa = PBXBuildFile; fileRef = 2D75457A1F0F38E800D085A2 /* FMDatabasePool.m */; };
		2D7545841F0F38E800D085A2 /* FMDatabaseQueue.m in Sources */ = {isa = PBXBuildFile; fileRef = 2D75457C1F0F38E800D085A2 /* FMDatabaseQueue.m */; };
		2D7545851F0F38E800D085A2 /* FMResultSet.m in Sources */ = {isa = PBXBuildFile; fileRef = 2D75457F1F0F38E800D085A2 /* FMResultSet.m */; };
		2D7545861F0F38E800D085A2 /* Info.plist in Resources */ = {isa = PBXBuildFile; fileRef = 2D7545801F0F38E800D085A2 /* Info.plist */; };
		2D7545881F0F39A200D085A2 /* libsqlite3.0.tbd in Frameworks */ = {isa = PBXBuildFile; fileRef = 2D7545871F0F39A200D085A2 /* libsqlite3.0.tbd */; };
		2D75458B1F0F567500D085A2 /* NSDictionary+DataBass.m in Sources */ = {isa = PBXBuildFile; fileRef = 2D75458A1F0F567500D085A2 /* NSDictionary+DataBass.m */; };
		2D9AF62F1EFBB84700F99F3D /* main.m in Sources */ = {isa = PBXBuildFile; fileRef = 2D9AF62E1EFBB84700F99F3D /* main.m */; };
		2D9AF6321EFBB84700F99F3D /* AppDelegate.m in Sources */ = {isa = PBXBuildFile; fileRef = 2D9AF6311EFBB84700F99F3D /* AppDelegate.m */; };
		2D9AF6351EFBB84700F99F3D /* ViewController.m in Sources */ = {isa = PBXBuildFile; fileRef = 2D9AF6341EFBB84700F99F3D /* ViewController.m */; };
		2D9AF6381EFBB84700F99F3D /* Main.storyboard in Resources */ = {isa = PBXBuildFile; fileRef = 2D9AF6361EFBB84700F99F3D /* Main.storyboard */; };
		2D9AF63A1EFBB84700F99F3D /* Assets.xcassets in Resources */ = {isa = PBXBuildFile; fileRef = 2D9AF6391EFBB84700F99F3D /* Assets.xcassets */; };
		2D9AF63D1EFBB84700F99F3D /* LaunchScreen.storyboard in Resources */ = {isa = PBXBuildFile; fileRef = 2D9AF63B1EFBB84700F99F3D /* LaunchScreen.storyboard */; };
		2D9AF6481EFBB84700F99F3D /* ____Tests.m in Sources */ = {isa = PBXBuildFile; fileRef = 2D9AF6471EFBB84700F99F3D /* ____Tests.m */; };
		2D9AF6531EFBB84800F99F3D /* ____UITests.m in Sources */ = {isa = PBXBuildFile; fileRef = 2D9AF6521EFBB84800F99F3D /* ____UITests.m */; };
		2D9AF6651EFBCA5D00F99F3D /* Tools.m in Sources */ = {isa = PBXBuildFile; fileRef = 2D9AF6641EFBCA5D00F99F3D /* Tools.m */; };
		2D9FE6CF1F00ADE700AAB7E4 /* CoreImage.framework in Frameworks */ = {isa = PBXBuildFile; fileRef = 2D9FE6CE1F00ADE700AAB7E4 /* CoreImage.framework */; };
		2DE360A01F033B8900F20BF5 /* Security.framework in Frameworks */ = {isa = PBXBuildFile; fileRef = 2DE3609F1F033B8900F20BF5 /* Security.framework */; };
		2DE360A31F034D9200F20BF5 /* private_key.p12 in Resources */ = {isa = PBXBuildFile; fileRef = 2DE360A11F034D9200F20BF5 /* private_key.p12 */; };
		2DE360A41F034D9300F20BF5 /* public_key.der in Resources */ = {isa = PBXBuildFile; fileRef = 2DE360A21F034D9200F20BF5 /* public_key.der */; };
		9291BCAC1F00E16700A495A9 /* DJProgressView.m in Sources */ = {isa = PBXBuildFile; fileRef = 9291BCA91F00E16700A495A9 /* DJProgressView.m */; };
		9291BCAD1F00E16700A495A9 /* MZTimerLabel.m in Sources */ = {isa = PBXBuildFile; fileRef = 9291BCAB1F00E16700A495A9 /* MZTimerLabel.m */; };
/* End PBXBuildFile section */

/* Begin PBXContainerItemProxy section */
		2D9AF6441EFBB84700F99F3D /* PBXContainerItemProxy */ = {
			isa = PBXContainerItemProxy;
			containerPortal = 2D9AF6221EFBB84700F99F3D /* Project object */;
			proxyType = 1;
			remoteGlobalIDString = 2D9AF6291EFBB84700F99F3D;
			remoteInfo = "项目整理";
		};
		2D9AF64F1EFBB84800F99F3D /* PBXContainerItemProxy */ = {
			isa = PBXContainerItemProxy;
			containerPortal = 2D9AF6221EFBB84700F99F3D /* Project object */;
			proxyType = 1;
			remoteGlobalIDString = 2D9AF6291EFBB84700F99F3D;
			remoteInfo = "项目整理";
		};
/* End PBXContainerItemProxy section */

/* Begin PBXFileReference section */
		2D447B131EFCAF16006BBCEC /* UIButton+extension.h */ = {isa = PBXFileReference; fileEncoding = 4; lastKnownFileType = sourcecode.c.h; path = "UIButton+extension.h"; sourceTree = "<group>"; };
		2D447B141EFCAF16006BBCEC /* UIButton+extension.m */ = {isa = PBXFileReference; fileEncoding = 4; lastKnownFileType = sourcecode.c.objc; path = "UIButton+extension.m"; sourceTree = "<group>"; };
		2D447B161EFCAF26006BBCEC /* NSString+extension.h */ = {isa = PBXFileReference; fileEncoding = 4; lastKnownFileType = sourcecode.c.h; path = "NSString+extension.h"; sourceTree = "<group>"; };
		2D447B171EFCAF26006BBCEC /* NSString+extension.m */ = {isa = PBXFileReference; fileEncoding = 4; lastKnownFileType = sourcecode.c.objc; path = "NSString+extension.m"; sourceTree = "<group>"; };
		2D447B191EFCAF33006BBCEC /* UILabel+extension.h */ = {isa = PBXFileReference; fileEncoding = 4; lastKnownFileType = sourcecode.c.h; path = "UILabel+extension.h"; sourceTree = "<group>"; };
		2D447B1A1EFCAF33006BBCEC /* UILabel+extension.m */ = {isa = PBXFileReference; fileEncoding = 4; lastKnownFileType = sourcecode.c.objc; path = "UILabel+extension.m"; sourceTree = "<group>"; };
		2D447B1C1EFCAF4B006BBCEC /* UIView+extension.h */ = {isa = PBXFileReference; fileEncoding = 4; lastKnownFileType = sourcecode.c.h; path = "UIView+extension.h"; sourceTree = "<group>"; };
		2D447B1D1EFCAF4B006BBCEC /* UIView+extension.m */ = {isa = PBXFileReference; fileEncoding = 4; lastKnownFileType = sourcecode.c.objc; path = "UIView+extension.m"; sourceTree = "<group>"; };
		2D447B251EFCAF92006BBCEC /* NSData+extension.h */ = {isa = PBXFileReference; fileEncoding = 4; lastKnownFileType = sourcecode.c.h; path = "NSData+extension.h"; sourceTree = "<group>"; };
		2D447B261EFCAF92006BBCEC /* NSData+extension.m */ = {isa = PBXFileReference; fileEncoding = 4; lastKnownFileType = sourcecode.c.objc; path = "NSData+extension.m"; sourceTree = "<group>"; };
		2D447B281EFCAFA1006BBCEC /* NSDate+extension.h */ = {isa = PBXFileReference; fileEncoding = 4; lastKnownFileType = sourcecode.c.h; path = "NSDate+extension.h"; sourceTree = "<group>"; };
		2D447B291EFCAFA1006BBCEC /* NSDate+extension.m */ = {isa = PBXFileReference; fileEncoding = 4; lastKnownFileType = sourcecode.c.objc; path = "NSDate+extension.m"; sourceTree = "<group>"; };
		2D447B2B1EFCC986006BBCEC /* UIImage+extension.h */ = {isa = PBXFileReference; fileEncoding = 4; lastKnownFileType = sourcecode.c.h; path = "UIImage+extension.h"; sourceTree = "<group>"; };
		2D447B2C1EFCC986006BBCEC /* UIImage+extension.m */ = {isa = PBXFileReference; fileEncoding = 4; lastKnownFileType = sourcecode.c.objc; path = "UIImage+extension.m"; sourceTree = "<group>"; };
		2D447B2E1EFCE67E006BBCEC /* NSArray+extension.h */ = {isa = PBXFileReference; fileEncoding = 4; lastKnownFileType = sourcecode.c.h; path = "NSArray+extension.h"; sourceTree = "<group>"; };
		2D447B2F1EFCE67E006BBCEC /* NSArray+extension.m */ = {isa = PBXFileReference; fileEncoding = 4; lastKnownFileType = sourcecode.c.objc; path = "NSArray+extension.m"; sourceTree = "<group>"; };
		2D447B311EFCE68F006BBCEC /* NSDictionary+extension.h */ = {isa = PBXFileReference; fileEncoding = 4; lastKnownFileType = sourcecode.c.h; path = "NSDictionary+extension.h"; sourceTree = "<group>"; };
		2D447B321EFCE68F006BBCEC /* NSDictionary+extension.m */ = {isa = PBXFileReference; fileEncoding = 4; lastKnownFileType = sourcecode.c.objc; path = "NSDictionary+extension.m"; sourceTree = "<group>"; };
		2D7238821F03588800D35657 /* pkcs8_private_key.pem */ = {isa = PBXFileReference; fileEncoding = 4; lastKnownFileType = text; path = pkcs8_private_key.pem; sourceTree = "<group>"; };
		2D7238831F03588800D35657 /* rsa_public_key.pem */ = {isa = PBXFileReference; fileEncoding = 4; lastKnownFileType = text; path = rsa_public_key.pem; sourceTree = "<group>"; };
		2D7545751F0F38E800D085A2 /* FMDatabase.h */ = {isa = PBXFileReference; fileEncoding = 4; lastKnownFileType = sourcecode.c.h; path = FMDatabase.h; sourceTree = "<group>"; };
		2D7545761F0F38E800D085A2 /* FMDatabase.m */ = {isa = PBXFileReference; fileEncoding = 4; lastKnownFileType = sourcecode.c.objc; path = FMDatabase.m; sourceTree = "<group>"; };
		2D7545771F0F38E800D085A2 /* FMDatabaseAdditions.h */ = {isa = PBXFileReference; fileEncoding = 4; lastKnownFileType = sourcecode.c.h; path = FMDatabaseAdditions.h; sourceTree = "<group>"; };
		2D7545781F0F38E800D085A2 /* FMDatabaseAdditions.m */ = {isa = PBXFileReference; fileEncoding = 4; lastKnownFileType = sourcecode.c.objc; path = FMDatabaseAdditions.m; sourceTree = "<group>"; };
		2D7545791F0F38E800D085A2 /* FMDatabasePool.h */ = {isa = PBXFileReference; fileEncoding = 4; lastKnownFileType = sourcecode.c.h; path = FMDatabasePool.h; sourceTree = "<group>"; };
		2D75457A1F0F38E800D085A2 /* FMDatabasePool.m */ = {isa = PBXFileReference; fileEncoding = 4; lastKnownFileType = sourcecode.c.objc; path = FMDatabasePool.m; sourceTree = "<group>"; };
		2D75457B1F0F38E800D085A2 /* FMDatabaseQueue.h */ = {isa = PBXFileReference; fileEncoding = 4; lastKnownFileType = sourcecode.c.h; path = FMDatabaseQueue.h; sourceTree = "<group>"; };
		2D75457C1F0F38E800D085A2 /* FMDatabaseQueue.m */ = {isa = PBXFileReference; fileEncoding = 4; lastKnownFileType = sourcecode.c.objc; path = FMDatabaseQueue.m; sourceTree = "<group>"; };
		2D75457D1F0F38E800D085A2 /* FMDB.h */ = {isa = PBXFileReference; fileEncoding = 4; lastKnownFileType = sourcecode.c.h; path = FMDB.h; sourceTree = "<group>"; };
		2D75457E1F0F38E800D085A2 /* FMResultSet.h */ = {isa = PBXFileReference; fileEncoding = 4; lastKnownFileType = sourcecode.c.h; path = FMResultSet.h; sourceTree = "<group>"; };
		2D75457F1F0F38E800D085A2 /* FMResultSet.m */ = {isa = PBXFileReference; fileEncoding = 4; lastKnownFileType = sourcecode.c.objc; path = FMResultSet.m; sourceTree = "<group>"; };
		2D7545801F0F38E800D085A2 /* Info.plist */ = {isa = PBXFileReference; fileEncoding = 4; lastKnownFileType = text.plist.xml; path = Info.plist; sourceTree = "<group>"; };
		2D7545871F0F39A200D085A2 /* libsqlite3.0.tbd */ = {isa = PBXFileReference; lastKnownFileType = "sourcecode.text-based-dylib-definition"; name = libsqlite3.0.tbd; path = usr/lib/libsqlite3.0.tbd; sourceTree = SDKROOT; };
		2D7545891F0F567500D085A2 /* NSDictionary+DataBass.h */ = {isa = PBXFileReference; fileEncoding = 4; lastKnownFileType = sourcecode.c.h; path = "NSDictionary+DataBass.h"; sourceTree = "<group>"; };
		2D75458A1F0F567500D085A2 /* NSDictionary+DataBass.m */ = {isa = PBXFileReference; fileEncoding = 4; lastKnownFileType = sourcecode.c.objc; path = "NSDictionary+DataBass.m"; sourceTree = "<group>"; };
		2D9AF62A1EFBB84700F99F3D /* 项目整理.app */ = {isa = PBXFileReference; explicitFileType = wrapper.application; includeInIndex = 0; path = "项目整理.app"; sourceTree = BUILT_PRODUCTS_DIR; };
		2D9AF62E1EFBB84700F99F3D /* main.m */ = {isa = PBXFileReference; lastKnownFileType = sourcecode.c.objc; path = main.m; sourceTree = "<group>"; };
		2D9AF6301EFBB84700F99F3D /* AppDelegate.h */ = {isa = PBXFileReference; lastKnownFileType = sourcecode.c.h; path = AppDelegate.h; sourceTree = "<group>"; };
		2D9AF6311EFBB84700F99F3D /* AppDelegate.m */ = {isa = PBXFileReference; lastKnownFileType = sourcecode.c.objc; path = AppDelegate.m; sourceTree = "<group>"; };
		2D9AF6331EFBB84700F99F3D /* ViewController.h */ = {isa = PBXFileReference; lastKnownFileType = sourcecode.c.h; path = ViewController.h; sourceTree = "<group>"; };
		2D9AF6341EFBB84700F99F3D /* ViewController.m */ = {isa = PBXFileReference; lastKnownFileType = sourcecode.c.objc; path = ViewController.m; sourceTree = "<group>"; };
		2D9AF6371EFBB84700F99F3D /* Base */ = {isa = PBXFileReference; lastKnownFileType = file.storyboard; name = Base; path = Base.lproj/Main.storyboard; sourceTree = "<group>"; };
		2D9AF6391EFBB84700F99F3D /* Assets.xcassets */ = {isa = PBXFileReference; lastKnownFileType = folder.assetcatalog; path = Assets.xcassets; sourceTree = "<group>"; };
		2D9AF63C1EFBB84700F99F3D /* Base */ = {isa = PBXFileReference; lastKnownFileType = file.storyboard; name = Base; path = Base.lproj/LaunchScreen.storyboard; sourceTree = "<group>"; };
		2D9AF63E1EFBB84700F99F3D /* Info.plist */ = {isa = PBXFileReference; lastKnownFileType = text.plist.xml; path = Info.plist; sourceTree = "<group>"; };
		2D9AF6431EFBB84700F99F3D /* 项目整理Tests.xctest */ = {isa = PBXFileReference; explicitFileType = wrapper.cfbundle; includeInIndex = 0; path = "项目整理Tests.xctest"; sourceTree = BUILT_PRODUCTS_DIR; };
		2D9AF6471EFBB84700F99F3D /* ____Tests.m */ = {isa = PBXFileReference; lastKnownFileType = sourcecode.c.objc; path = "____Tests.m"; sourceTree = "<group>"; };
		2D9AF6491EFBB84700F99F3D /* Info.plist */ = {isa = PBXFileReference; lastKnownFileType = text.plist.xml; path = Info.plist; sourceTree = "<group>"; };
		2D9AF64E1EFBB84800F99F3D /* 项目整理UITests.xctest */ = {isa = PBXFileReference; explicitFileType = wrapper.cfbundle; includeInIndex = 0; path = "项目整理UITests.xctest"; sourceTree = BUILT_PRODUCTS_DIR; };
		2D9AF6521EFBB84800F99F3D /* ____UITests.m */ = {isa = PBXFileReference; lastKnownFileType = sourcecode.c.objc; path = "____UITests.m"; sourceTree = "<group>"; };
		2D9AF6541EFBB84800F99F3D /* Info.plist */ = {isa = PBXFileReference; lastKnownFileType = text.plist.xml; path = Info.plist; sourceTree = "<group>"; };
		2D9AF6611EFBB8C900F99F3D /* MacroDefinition.h */ = {isa = PBXFileReference; lastKnownFileType = sourcecode.c.h; path = MacroDefinition.h; sourceTree = "<group>"; };
		2D9AF6631EFBCA5D00F99F3D /* Tools.h */ = {isa = PBXFileReference; fileEncoding = 4; lastKnownFileType = sourcecode.c.h; path = Tools.h; sourceTree = "<group>"; };
		2D9AF6641EFBCA5D00F99F3D /* Tools.m */ = {isa = PBXFileReference; fileEncoding = 4; lastKnownFileType = sourcecode.c.objc; path = Tools.m; sourceTree = "<group>"; };
		2D9FE6CE1F00ADE700AAB7E4 /* CoreImage.framework */ = {isa = PBXFileReference; lastKnownFileType = wrapper.framework; name = CoreImage.framework; path = System/Library/Frameworks/CoreImage.framework; sourceTree = SDKROOT; };
		2DE3609F1F033B8900F20BF5 /* Security.framework */ = {isa = PBXFileReference; lastKnownFileType = wrapper.framework; name = Security.framework; path = System/Library/Frameworks/Security.framework; sourceTree = SDKROOT; };
		2DE360A11F034D9200F20BF5 /* private_key.p12 */ = {isa = PBXFileReference; lastKnownFileType = file; path = private_key.p12; sourceTree = "<group>"; };
		2DE360A21F034D9200F20BF5 /* public_key.der */ = {isa = PBXFileReference; lastKnownFileType = file; path = public_key.der; sourceTree = "<group>"; };
		9291BCA81F00E16700A495A9 /* DJProgressView.h */ = {isa = PBXFileReference; fileEncoding = 4; lastKnownFileType = sourcecode.c.h; path = DJProgressView.h; sourceTree = "<group>"; };
		9291BCA91F00E16700A495A9 /* DJProgressView.m */ = {isa = PBXFileReference; fileEncoding = 4; lastKnownFileType = sourcecode.c.objc; path = DJProgressView.m; sourceTree = "<group>"; };
		9291BCAA1F00E16700A495A9 /* MZTimerLabel.h */ = {isa = PBXFileReference; fileEncoding = 4; lastKnownFileType = sourcecode.c.h; path = MZTimerLabel.h; sourceTree = "<group>"; };
		9291BCAB1F00E16700A495A9 /* MZTimerLabel.m */ = {isa = PBXFileReference; fileEncoding = 4; lastKnownFileType = sourcecode.c.objc; path = MZTimerLabel.m; sourceTree = "<group>"; };
/* End PBXFileReference section */

/* Begin PBXFrameworksBuildPhase section */
		2D9AF6271EFBB84700F99F3D /* Frameworks */ = {
			isa = PBXFrameworksBuildPhase;
			buildActionMask = 2147483647;
			files = (
				2D7545881F0F39A200D085A2 /* libsqlite3.0.tbd in Frameworks */,
				2DE360A01F033B8900F20BF5 /* Security.framework in Frameworks */,
				2D9FE6CF1F00ADE700AAB7E4 /* CoreImage.framework in Frameworks */,
			);
			runOnlyForDeploymentPostprocessing = 0;
		};
		2D9AF6401EFBB84700F99F3D /* Frameworks */ = {
			isa = PBXFrameworksBuildPhase;
			buildActionMask = 2147483647;
			files = (
			);
			runOnlyForDeploymentPostprocessing = 0;
		};
		2D9AF64B1EFBB84800F99F3D /* Frameworks */ = {
			isa = PBXFrameworksBuildPhase;
			buildActionMask = 2147483647;
			files = (
			);
			runOnlyForDeploymentPostprocessing = 0;
		};
/* End PBXFrameworksBuildPhase section */

/* Begin PBXGroup section */
		2D447B121EFCAE5C006BBCEC /* 常用类别 */ = {
			isa = PBXGroup;
			children = (
				2D447B131EFCAF16006BBCEC /* UIButton+extension.h */,
				2D447B141EFCAF16006BBCEC /* UIButton+extension.m */,
				2D447B161EFCAF26006BBCEC /* NSString+extension.h */,
				2D447B171EFCAF26006BBCEC /* NSString+extension.m */,
				2D447B191EFCAF33006BBCEC /* UILabel+extension.h */,
				2D447B1A1EFCAF33006BBCEC /* UILabel+extension.m */,
				2D447B1C1EFCAF4B006BBCEC /* UIView+extension.h */,
				2D447B1D1EFCAF4B006BBCEC /* UIView+extension.m */,
				2D447B251EFCAF92006BBCEC /* NSData+extension.h */,
				2D447B261EFCAF92006BBCEC /* NSData+extension.m */,
				2D447B281EFCAFA1006BBCEC /* NSDate+extension.h */,
				2D447B291EFCAFA1006BBCEC /* NSDate+extension.m */,
				2D447B2B1EFCC986006BBCEC /* UIImage+extension.h */,
				2D447B2C1EFCC986006BBCEC /* UIImage+extension.m */,
				2D447B2E1EFCE67E006BBCEC /* NSArray+extension.h */,
				2D447B2F1EFCE67E006BBCEC /* NSArray+extension.m */,
				2D447B311EFCE68F006BBCEC /* NSDictionary+extension.h */,
				2D447B321EFCE68F006BBCEC /* NSDictionary+extension.m */,
			);
			path = "常用类别";
			sourceTree = "<group>";
		};
		2D7238811F03588800D35657 /* java_pem */ = {
			isa = PBXGroup;
			children = (
				2D7238821F03588800D35657 /* pkcs8_private_key.pem */,
				2D7238831F03588800D35657 /* rsa_public_key.pem */,
			);
			path = java_pem;
			sourceTree = "<group>";
		};
		2D7545731F0F1BFD00D085A2 /* 基于FMDB封装数据库管理 */ = {
			isa = PBXGroup;
			children = (
				2D7545741F0F38E800D085A2 /* fmdb */,
				2D7545891F0F567500D085A2 /* NSDictionary+DataBass.h */,
				2D75458A1F0F567500D085A2 /* NSDictionary+DataBass.m */,
			);
			path = "基于FMDB封装数据库管理";
			sourceTree = "<group>";
		};
		2D7545741F0F38E800D085A2 /* fmdb */ = {
			isa = PBXGroup;
			children = (
				2D7545751F0F38E800D085A2 /* FMDatabase.h */,
				2D7545761F0F38E800D085A2 /* FMDatabase.m */,
				2D7545771F0F38E800D085A2 /* FMDatabaseAdditions.h */,
				2D7545781F0F38E800D085A2 /* FMDatabaseAdditions.m */,
				2D7545791F0F38E800D085A2 /* FMDatabasePool.h */,
				2D75457A1F0F38E800D085A2 /* FMDatabasePool.m */,
				2D75457B1F0F38E800D085A2 /* FMDatabaseQueue.h */,
				2D75457C1F0F38E800D085A2 /* FMDatabaseQueue.m */,
				2D75457D1F0F38E800D085A2 /* FMDB.h */,
				2D75457E1F0F38E800D085A2 /* FMResultSet.h */,
				2D75457F1F0F38E800D085A2 /* FMResultSet.m */,
				2D7545801F0F38E800D085A2 /* Info.plist */,
			);
			path = fmdb;
			sourceTree = "<group>";
		};
		2D9AF6211EFBB84700F99F3D = {
			isa = PBXGroup;
			children = (
				2D7545731F0F1BFD00D085A2 /* 基于FMDB封装数据库管理 */,
				9291BCA71F00E16700A495A9 /* 常用自定义控件控件 */,
				2D447B121EFCAE5C006BBCEC /* 常用类别 */,
				2D9AF6621EFBC80000F99F3D /* 常用工具 */,
				2D9AF6601EFBB88500F99F3D /* 常用宏定义 */,
				2D9AF62C1EFBB84700F99F3D /* 项目整理 */,
				2D9AF6461EFBB84700F99F3D /* 项目整理Tests */,
				2D9AF6511EFBB84800F99F3D /* 项目整理UITests */,
				2D9AF62B1EFBB84700F99F3D /* Products */,
				2D9FE6CD1F00ADE600AAB7E4 /* Frameworks */,
			);
			sourceTree = "<group>";
		};
		2D9AF62B1EFBB84700F99F3D /* Products */ = {
			isa = PBXGroup;
			children = (
				2D9AF62A1EFBB84700F99F3D /* 项目整理.app */,
				2D9AF6431EFBB84700F99F3D /* 项目整理Tests.xctest */,
				2D9AF64E1EFBB84800F99F3D /* 项目整理UITests.xctest */,
			);
			name = Products;
			sourceTree = "<group>";
		};
		2D9AF62C1EFBB84700F99F3D /* 项目整理 */ = {
			isa = PBXGroup;
			children = (
				2D7238811F03588800D35657 /* java_pem */,
				2DE360A11F034D9200F20BF5 /* private_key.p12 */,
				2DE360A21F034D9200F20BF5 /* public_key.der */,
				2D9AF6301EFBB84700F99F3D /* AppDelegate.h */,
				2D9AF6311EFBB84700F99F3D /* AppDelegate.m */,
				2D9AF6331EFBB84700F99F3D /* ViewController.h */,
				2D9AF6341EFBB84700F99F3D /* ViewController.m */,
				2D9AF6361EFBB84700F99F3D /* Main.storyboard */,
				2D9AF6391EFBB84700F99F3D /* Assets.xcassets */,
				2D9AF63B1EFBB84700F99F3D /* LaunchScreen.storyboard */,
				2D9AF63E1EFBB84700F99F3D /* Info.plist */,
				2D9AF62D1EFBB84700F99F3D /* Supporting Files */,
			);
			path = "项目整理";
			sourceTree = "<group>";
		};
		2D9AF62D1EFBB84700F99F3D /* Supporting Files */ = {
			isa = PBXGroup;
			children = (
				2D9AF62E1EFBB84700F99F3D /* main.m */,
			);
			name = "Supporting Files";
			sourceTree = "<group>";
		};
		2D9AF6461EFBB84700F99F3D /* 项目整理Tests */ = {
			isa = PBXGroup;
			children = (
				2D9AF6471EFBB84700F99F3D /* ____Tests.m */,
				2D9AF6491EFBB84700F99F3D /* Info.plist */,
			);
			path = "项目整理Tests";
			sourceTree = "<group>";
		};
		2D9AF6511EFBB84800F99F3D /* 项目整理UITests */ = {
			isa = PBXGroup;
			children = (
				2D9AF6521EFBB84800F99F3D /* ____UITests.m */,
				2D9AF6541EFBB84800F99F3D /* Info.plist */,
			);
			path = "项目整理UITests";
			sourceTree = "<group>";
		};
		2D9AF6601EFBB88500F99F3D /* 常用宏定义 */ = {
			isa = PBXGroup;
			children = (
				2D9AF6611EFBB8C900F99F3D /* MacroDefinition.h */,
			);
			path = "常用宏定义";
			sourceTree = "<group>";
		};
		2D9AF6621EFBC80000F99F3D /* 常用工具 */ = {
			isa = PBXGroup;
			children = (
				2D9AF6631EFBCA5D00F99F3D /* Tools.h */,
				2D9AF6641EFBCA5D00F99F3D /* Tools.m */,
			);
			path = "常用工具";
			sourceTree = "<group>";
		};
		2D9FE6CD1F00ADE600AAB7E4 /* Frameworks */ = {
			isa = PBXGroup;
			children = (
				2D7545871F0F39A200D085A2 /* libsqlite3.0.tbd */,
				2DE3609F1F033B8900F20BF5 /* Security.framework */,
				2D9FE6CE1F00ADE700AAB7E4 /* CoreImage.framework */,
			);
			name = Frameworks;
			sourceTree = "<group>";
		};
		9291BCA71F00E16700A495A9 /* 常用自定义控件控件 */ = {
			isa = PBXGroup;
			children = (
				9291BCA81F00E16700A495A9 /* DJProgressView.h */,
				9291BCA91F00E16700A495A9 /* DJProgressView.m */,
				9291BCAA1F00E16700A495A9 /* MZTimerLabel.h */,
				9291BCAB1F00E16700A495A9 /* MZTimerLabel.m */,
			);
			path = "常用自定义控件控件";
			sourceTree = "<group>";
		};
/* End PBXGroup section */

/* Begin PBXNativeTarget section */
		2D9AF6291EFBB84700F99F3D /* 项目整理 */ = {
			isa = PBXNativeTarget;
			buildConfigurationList = 2D9AF6571EFBB84800F99F3D /* Build configuration list for PBXNativeTarget "项目整理" */;
			buildPhases = (
				2D9AF6261EFBB84700F99F3D /* Sources */,
				2D9AF6271EFBB84700F99F3D /* Frameworks */,
				2D9AF6281EFBB84700F99F3D /* Resources */,
			);
			buildRules = (
			);
			dependencies = (
			);
			name = "项目整理";
			productName = "项目整理";
			productReference = 2D9AF62A1EFBB84700F99F3D /* 项目整理.app */;
			productType = "com.apple.product-type.application";
		};
		2D9AF6421EFBB84700F99F3D /* 项目整理Tests */ = {
			isa = PBXNativeTarget;
			buildConfigurationList = 2D9AF65A1EFBB84800F99F3D /* Build configuration list for PBXNativeTarget "项目整理Tests" */;
			buildPhases = (
				2D9AF63F1EFBB84700F99F3D /* Sources */,
				2D9AF6401EFBB84700F99F3D /* Frameworks */,
				2D9AF6411EFBB84700F99F3D /* Resources */,
			);
			buildRules = (
			);
			dependencies = (
				2D9AF6451EFBB84700F99F3D /* PBXTargetDependency */,
			);
			name = "项目整理Tests";
			productName = "项目整理Tests";
			productReference = 2D9AF6431EFBB84700F99F3D /* 项目整理Tests.xctest */;
			productType = "com.apple.product-type.bundle.unit-test";
		};
		2D9AF64D1EFBB84800F99F3D /* 项目整理UITests */ = {
			isa = PBXNativeTarget;
			buildConfigurationList = 2D9AF65D1EFBB84800F99F3D /* Build configuration list for PBXNativeTarget "项目整理UITests" */;
			buildPhases = (
				2D9AF64A1EFBB84800F99F3D /* Sources */,
				2D9AF64B1EFBB84800F99F3D /* Frameworks */,
				2D9AF64C1EFBB84800F99F3D /* Resources */,
			);
			buildRules = (
			);
			dependencies = (
				2D9AF6501EFBB84800F99F3D /* PBXTargetDependency */,
			);
			name = "项目整理UITests";
			productName = "项目整理UITests";
			productReference = 2D9AF64E1EFBB84800F99F3D /* 项目整理UITests.xctest */;
			productType = "com.apple.product-type.bundle.ui-testing";
		};
/* End PBXNativeTarget section */

/* Begin PBXProject section */
		2D9AF6221EFBB84700F99F3D /* Project object */ = {
			isa = PBXProject;
			attributes = {
				LastUpgradeCheck = 0830;
				ORGANIZATIONNAME = shengtian;
				TargetAttributes = {
					2D9AF6291EFBB84700F99F3D = {
						CreatedOnToolsVersion = 8.3.3;
						DevelopmentTeam = 723W44X739;
						ProvisioningStyle = Automatic;
					};
					2D9AF6421EFBB84700F99F3D = {
						CreatedOnToolsVersion = 8.3.3;
						ProvisioningStyle = Automatic;
						TestTargetID = 2D9AF6291EFBB84700F99F3D;
					};
					2D9AF64D1EFBB84800F99F3D = {
						CreatedOnToolsVersion = 8.3.3;
						ProvisioningStyle = Automatic;
						TestTargetID = 2D9AF6291EFBB84700F99F3D;
					};
				};
			};
			buildConfigurationList = 2D9AF6251EFBB84700F99F3D /* Build configuration list for PBXProject "项目整理" */;
			compatibilityVersion = "Xcode 3.2";
			developmentRegion = English;
			hasScannedForEncodings = 0;
			knownRegions = (
				en,
				Base,
			);
			mainGroup = 2D9AF6211EFBB84700F99F3D;
			productRefGroup = 2D9AF62B1EFBB84700F99F3D /* Products */;
			projectDirPath = "";
			projectRoot = "";
			targets = (
				2D9AF6291EFBB84700F99F3D /* 项目整理 */,
				2D9AF6421EFBB84700F99F3D /* 项目整理Tests */,
				2D9AF64D1EFBB84800F99F3D /* 项目整理UITests */,
			);
		};
/* End PBXProject section */

/* Begin PBXResourcesBuildPhase section */
		2D9AF6281EFBB84700F99F3D /* Resources */ = {
			isa = PBXResourcesBuildPhase;
			buildActionMask = 2147483647;
			files = (
				2D7545861F0F38E800D085A2 /* Info.plist in Resources */,
				2D9AF63D1EFBB84700F99F3D /* LaunchScreen.storyboard in Resources */,
				2D9AF63A1EFBB84700F99F3D /* Assets.xcassets in Resources */,
				2D9AF6381EFBB84700F99F3D /* Main.storyboard in Resources */,
				2DE360A31F034D9200F20BF5 /* private_key.p12 in Resources */,
				2D7238841F03588800D35657 /* pkcs8_private_key.pem in Resources */,
				2D7238851F03588800D35657 /* rsa_public_key.pem in Resources */,
				2DE360A41F034D9300F20BF5 /* public_key.der in Resources */,
			);
			runOnlyForDeploymentPostprocessing = 0;
		};
		2D9AF6411EFBB84700F99F3D /* Resources */ = {
			isa = PBXResourcesBuildPhase;
			buildActionMask = 2147483647;
			files = (
			);
			runOnlyForDeploymentPostprocessing = 0;
		};
		2D9AF64C1EFBB84800F99F3D /* Resources */ = {
			isa = PBXResourcesBuildPhase;
			buildActionMask = 2147483647;
			files = (
			);
			runOnlyForDeploymentPostprocessing = 0;
		};
/* End PBXResourcesBuildPhase section */

/* Begin PBXSourcesBuildPhase section */
		2D9AF6261EFBB84700F99F3D /* Sources */ = {
			isa = PBXSourcesBuildPhase;
			buildActionMask = 2147483647;
			files = (
				2D447B331EFCE68F006BBCEC /* NSDictionary+extension.m in Sources */,
				2D9AF6351EFBB84700F99F3D /* ViewController.m in Sources */,
				2D9AF6321EFBB84700F99F3D /* AppDelegate.m in Sources */,
				2D9AF62F1EFBB84700F99F3D /* main.m in Sources */,
				2D7545821F0F38E800D085A2 /* FMDatabaseAdditions.m in Sources */,
				2D447B181EFCAF26006BBCEC /* NSString+extension.m in Sources */,
				2D9AF6651EFBCA5D00F99F3D /* Tools.m in Sources */,
				2D447B271EFCAF92006BBCEC /* NSData+extension.m in Sources */,
				9291BCAC1F00E16700A495A9 /* DJProgressView.m in Sources */,
				2D7545841F0F38E800D085A2 /* FMDatabaseQueue.m in Sources */,
				2D447B2A1EFCAFA1006BBCEC /* NSDate+extension.m in Sources */,
				2D447B151EFCAF16006BBCEC /* UIButton+extension.m in Sources */,
				9291BCAD1F00E16700A495A9 /* MZTimerLabel.m in Sources */,
				2D447B2D1EFCC986006BBCEC /* UIImage+extension.m in Sources */,
				2D7545851F0F38E800D085A2 /* FMResultSet.m in Sources */,
				2D7545831F0F38E800D085A2 /* FMDatabasePool.m in Sources */,
				2D447B1E1EFCAF4B006BBCEC /* UIView+extension.m in Sources */,
				2D447B301EFCE67E006BBCEC /* NSArray+extension.m in Sources */,
				2D447B1B1EFCAF33006BBCEC /* UILabel+extension.m in Sources */,
				2D75458B1F0F567500D085A2 /* NSDictionary+DataBass.m in Sources */,
				2D7545811F0F38E800D085A2 /* FMDatabase.m in Sources */,
			);
			runOnlyForDeploymentPostprocessing = 0;
		};
		2D9AF63F1EFBB84700F99F3D /* Sources */ = {
			isa = PBXSourcesBuildPhase;
			buildActionMask = 2147483647;
			files = (
				2D9AF6481EFBB84700F99F3D /* ____Tests.m in Sources */,
			);
			runOnlyForDeploymentPostprocessing = 0;
		};
		2D9AF64A1EFBB84800F99F3D /* Sources */ = {
			isa = PBXSourcesBuildPhase;
			buildActionMask = 2147483647;
			files = (
				2D9AF6531EFBB84800F99F3D /* ____UITests.m in Sources */,
			);
			runOnlyForDeploymentPostprocessing = 0;
		};
/* End PBXSourcesBuildPhase section */

/* Begin PBXTargetDependency section */
		2D9AF6451EFBB84700F99F3D /* PBXTargetDependency */ = {
			isa = PBXTargetDependency;
			target = 2D9AF6291EFBB84700F99F3D /* 项目整理 */;
			targetProxy = 2D9AF6441EFBB84700F99F3D /* PBXContainerItemProxy */;
		};
		2D9AF6501EFBB84800F99F3D /* PBXTargetDependency */ = {
			isa = PBXTargetDependency;
			target = 2D9AF6291EFBB84700F99F3D /* 项目整理 */;
			targetProxy = 2D9AF64F1EFBB84800F99F3D /* PBXContainerItemProxy */;
		};
/* End PBXTargetDependency section */

/* Begin PBXVariantGroup section */
		2D9AF6361EFBB84700F99F3D /* Main.storyboard */ = {
			isa = PBXVariantGroup;
			children = (
				2D9AF6371EFBB84700F99F3D /* Base */,
			);
			name = Main.storyboard;
			sourceTree = "<group>";
		};
		2D9AF63B1EFBB84700F99F3D /* LaunchScreen.storyboard */ = {
			isa = PBXVariantGroup;
			children = (
				2D9AF63C1EFBB84700F99F3D /* Base */,
			);
			name = LaunchScreen.storyboard;
			sourceTree = "<group>";
		};
/* End PBXVariantGroup section */

/* Begin XCBuildConfiguration section */
		2D9AF6551EFBB84800F99F3D /* Debug */ = {
			isa = XCBuildConfiguration;
			buildSettings = {
				ALWAYS_SEARCH_USER_PATHS = NO;
				CLANG_ANALYZER_NONNULL = YES;
				CLANG_ANALYZER_NUMBER_OBJECT_CONVERSION = YES_AGGRESSIVE;
				CLANG_CXX_LANGUAGE_STANDARD = "gnu++0x";
				CLANG_CXX_LIBRARY = "libc++";
				CLANG_ENABLE_MODULES = YES;
				CLANG_ENABLE_OBJC_ARC = YES;
				CLANG_WARN_BOOL_CONVERSION = YES;
				CLANG_WARN_CONSTANT_CONVERSION = YES;
				CLANG_WARN_DIRECT_OBJC_ISA_USAGE = YES_ERROR;
				CLANG_WARN_DOCUMENTATION_COMMENTS = YES;
				CLANG_WARN_EMPTY_BODY = YES;
				CLANG_WARN_ENUM_CONVERSION = YES;
				CLANG_WARN_INFINITE_RECURSION = YES;
				CLANG_WARN_INT_CONVERSION = YES;
				CLANG_WARN_OBJC_ROOT_CLASS = YES_ERROR;
				CLANG_WARN_SUSPICIOUS_MOVE = YES;
				CLANG_WARN_UNREACHABLE_CODE = YES;
				CLANG_WARN__DUPLICATE_METHOD_MATCH = YES;
				"CODE_SIGN_IDENTITY[sdk=iphoneos*]" = "iPhone Developer";
				COPY_PHASE_STRIP = NO;
				DEBUG_INFORMATION_FORMAT = dwarf;
				ENABLE_STRICT_OBJC_MSGSEND = YES;
				ENABLE_TESTABILITY = YES;
				GCC_C_LANGUAGE_STANDARD = gnu99;
				GCC_DYNAMIC_NO_PIC = NO;
				GCC_NO_COMMON_BLOCKS = YES;
				GCC_OPTIMIZATION_LEVEL = 0;
				GCC_PREPROCESSOR_DEFINITIONS = (
					"DEBUG=1",
					"$(inherited)",
				);
				GCC_WARN_64_TO_32_BIT_CONVERSION = YES;
				GCC_WARN_ABOUT_RETURN_TYPE = YES_ERROR;
				GCC_WARN_UNDECLARED_SELECTOR = YES;
				GCC_WARN_UNINITIALIZED_AUTOS = YES_AGGRESSIVE;
				GCC_WARN_UNUSED_FUNCTION = YES;
				GCC_WARN_UNUSED_VARIABLE = YES;
				IPHONEOS_DEPLOYMENT_TARGET = 10.3;
				MTL_ENABLE_DEBUG_INFO = YES;
				ONLY_ACTIVE_ARCH = YES;
				SDKROOT = iphoneos;
			};
			name = Debug;
		};
		2D9AF6561EFBB84800F99F3D /* Release */ = {
			isa = XCBuildConfiguration;
			buildSettings = {
				ALWAYS_SEARCH_USER_PATHS = NO;
				CLANG_ANALYZER_NONNULL = YES;
				CLANG_ANALYZER_NUMBER_OBJECT_CONVERSION = YES_AGGRESSIVE;
				CLANG_CXX_LANGUAGE_STANDARD = "gnu++0x";
				CLANG_CXX_LIBRARY = "libc++";
				CLANG_ENABLE_MODULES = YES;
				CLANG_ENABLE_OBJC_ARC = YES;
				CLANG_WARN_BOOL_CONVERSION = YES;
				CLANG_WARN_CONSTANT_CONVERSION = YES;
				CLANG_WARN_DIRECT_OBJC_ISA_USAGE = YES_ERROR;
				CLANG_WARN_DOCUMENTATION_COMMENTS = YES;
				CLANG_WARN_EMPTY_BODY = YES;
				CLANG_WARN_ENUM_CONVERSION = YES;
				CLANG_WARN_INFINITE_RECURSION = YES;
				CLANG_WARN_INT_CONVERSION = YES;
				CLANG_WARN_OBJC_ROOT_CLASS = YES_ERROR;
				CLANG_WARN_SUSPICIOUS_MOVE = YES;
				CLANG_WARN_UNREACHABLE_CODE = YES;
				CLANG_WARN__DUPLICATE_METHOD_MATCH = YES;
				"CODE_SIGN_IDENTITY[sdk=iphoneos*]" = "iPhone Developer";
				COPY_PHASE_STRIP = NO;
				DEBUG_INFORMATION_FORMAT = "dwarf-with-dsym";
				ENABLE_NS_ASSERTIONS = NO;
				ENABLE_STRICT_OBJC_MSGSEND = YES;
				GCC_C_LANGUAGE_STANDARD = gnu99;
				GCC_NO_COMMON_BLOCKS = YES;
				GCC_WARN_64_TO_32_BIT_CONVERSION = YES;
				GCC_WARN_ABOUT_RETURN_TYPE = YES_ERROR;
				GCC_WARN_UNDECLARED_SELECTOR = YES;
				GCC_WARN_UNINITIALIZED_AUTOS = YES_AGGRESSIVE;
				GCC_WARN_UNUSED_FUNCTION = YES;
				GCC_WARN_UNUSED_VARIABLE = YES;
				IPHONEOS_DEPLOYMENT_TARGET = 10.3;
				MTL_ENABLE_DEBUG_INFO = NO;
				SDKROOT = iphoneos;
				VALIDATE_PRODUCT = YES;
			};
			name = Release;
		};
		2D9AF6581EFBB84800F99F3D /* Debug */ = {
			isa = XCBuildConfiguration;
			buildSettings = {
				ASSETCATALOG_COMPILER_APPICON_NAME = AppIcon;
				DEVELOPMENT_TEAM = 723W44X739;
				INFOPLIST_FILE = "项目整理/Info.plist";
				LD_RUNPATH_SEARCH_PATHS = "$(inherited) @executable_path/Frameworks";
				PRODUCT_BUNDLE_IDENTIFIER = "HMR.----";
				PRODUCT_NAME = "$(TARGET_NAME)";
			};
			name = Debug;
		};
		2D9AF6591EFBB84800F99F3D /* Release */ = {
			isa = XCBuildConfiguration;
			buildSettings = {
				ASSETCATALOG_COMPILER_APPICON_NAME = AppIcon;
				DEVELOPMENT_TEAM = 723W44X739;
				INFOPLIST_FILE = "项目整理/Info.plist";
				LD_RUNPATH_SEARCH_PATHS = "$(inherited) @executable_path/Frameworks";
				PRODUCT_BUNDLE_IDENTIFIER = "HMR.----";
				PRODUCT_NAME = "$(TARGET_NAME)";
			};
			name = Release;
		};
		2D9AF65B1EFBB84800F99F3D /* Debug */ = {
			isa = XCBuildConfiguration;
			buildSettings = {
				BUNDLE_LOADER = "$(TEST_HOST)";
				INFOPLIST_FILE = "项目整理Tests/Info.plist";
				LD_RUNPATH_SEARCH_PATHS = "$(inherited) @executable_path/Frameworks @loader_path/Frameworks";
				PRODUCT_BUNDLE_IDENTIFIER = "HMR.----Tests";
				PRODUCT_NAME = "$(TARGET_NAME)";
				TEST_HOST = "$(BUILT_PRODUCTS_DIR)/项目整理.app/项目整理";
			};
			name = Debug;
		};
		2D9AF65C1EFBB84800F99F3D /* Release */ = {
			isa = XCBuildConfiguration;
			buildSettings = {
				BUNDLE_LOADER = "$(TEST_HOST)";
				INFOPLIST_FILE = "项目整理Tests/Info.plist";
				LD_RUNPATH_SEARCH_PATHS = "$(inherited) @executable_path/Frameworks @loader_path/Frameworks";
				PRODUCT_BUNDLE_IDENTIFIER = "HMR.----Tests";
				PRODUCT_NAME = "$(TARGET_NAME)";
				TEST_HOST = "$(BUILT_PRODUCTS_DIR)/项目整理.app/项目整理";
			};
			name = Release;
		};
		2D9AF65E1EFBB84800F99F3D /* Debug */ = {
			isa = XCBuildConfiguration;
			buildSettings = {
				INFOPLIST_FILE = "项目整理UITests/Info.plist";
				LD_RUNPATH_SEARCH_PATHS = "$(inherited) @executable_path/Frameworks @loader_path/Frameworks";
				PRODUCT_BUNDLE_IDENTIFIER = "HMR.----UITests";
				PRODUCT_NAME = "$(TARGET_NAME)";
				TEST_TARGET_NAME = "项目整理";
			};
			name = Debug;
		};
		2D9AF65F1EFBB84800F99F3D /* Release */ = {
			isa = XCBuildConfiguration;
			buildSettings = {
				INFOPLIST_FILE = "项目整理UITests/Info.plist";
				LD_RUNPATH_SEARCH_PATHS = "$(inherited) @executable_path/Frameworks @loader_path/Frameworks";
				PRODUCT_BUNDLE_IDENTIFIER = "HMR.----UITests";
				PRODUCT_NAME = "$(TARGET_NAME)";
				TEST_TARGET_NAME = "项目整理";
			};
			name = Release;
		};
/* End XCBuildConfiguration section */

/* Begin XCConfigurationList section */
		2D9AF6251EFBB84700F99F3D /* Build configuration list for PBXProject "项目整理" */ = {
			isa = XCConfigurationList;
			buildConfigurations = (
				2D9AF6551EFBB84800F99F3D /* Debug */,
				2D9AF6561EFBB84800F99F3D /* Release */,
			);
			defaultConfigurationIsVisible = 0;
			defaultConfigurationName = Release;
		};
		2D9AF6571EFBB84800F99F3D /* Build configuration list for PBXNativeTarget "项目整理" */ = {
			isa = XCConfigurationList;
			buildConfigurations = (
				2D9AF6581EFBB84800F99F3D /* Debug */,
				2D9AF6591EFBB84800F99F3D /* Release */,
			);
			defaultConfigurationIsVisible = 0;
			defaultConfigurationName = Release;
		};
		2D9AF65A1EFBB84800F99F3D /* Build configuration list for PBXNativeTarget "项目整理Tests" */ = {
			isa = XCConfigurationList;
			buildConfigurations = (
				2D9AF65B1EFBB84800F99F3D /* Debug */,
				2D9AF65C1EFBB84800F99F3D /* Release */,
			);
			defaultConfigurationIsVisible = 0;
			defaultConfigurationName = Release;
		};
		2D9AF65D1EFBB84800F99F3D /* Build configuration list for PBXNativeTarget "项目整理UITests" */ = {
			isa = XCConfigurationList;
			buildConfigurations = (
				2D9AF65E1EFBB84800F99F3D /* Debug */,
				2D9AF65F1EFBB84800F99F3D /* Release */,
			);
			defaultConfigurationIsVisible = 0;
			defaultConfigurationName = Release;
		};
/* End XCConfigurationList section */
	};
	rootObject = 2D9AF6221EFBB84700F99F3D /* Project object */;
}
